
Microsoft Visual Studio Solution File, Format Version 12.00
# Visual Studio Version 16
VisualStudioVersion = 16.0.30907.101
MinimumVisualStudioVersion = 10.0.40219.1
Project("{FAE04EC0-301F-11D3-BF4B-00C04F79EFBC}") = "GameNight", "GameNight.csproj", "{B81ECF8B-2627-4C00-ACBC-BB6CFFC213A6}"
EndProject
Global
	GlobalSection(SolutionConfigurationPlatforms) = preSolution
		Debug|Any CPU = Debug|Any CPU
		Release|Any CPU = Release|Any CPU
	EndGlobalSection
	GlobalSection(ProjectConfigurationPlatforms) = postSolution
		{B81ECF8B-2627-4C00-ACBC-BB6CFFC213A6}.Debug|Any CPU.ActiveCfg = Debug|Any CPU
		{B81ECF8B-2627-4C00-ACBC-BB6CFFC213A6}.Debug|Any CPU.Build.0 = Debug|Any CPU
		{B81ECF8B-2627-4C00-ACBC-BB6CFFC213A6}.Release|Any CPU.ActiveCfg = Release|Any CPU
		{B81ECF8B-2627-4C00-ACBC-BB6CFFC213A6}.Release|Any CPU.Build.0 = Release|Any CPU
	EndGlobalSection
	GlobalSection(SolutionProperties) = preSolution
		HideSolutionNode = FALSE
	EndGlobalSection
	GlobalSection(ExtensibilityGlobals) = postSolution
		SolutionGuid = {8A54C460-B79F-4AE4-955E-E7C7047BF87A}
	EndGlobalSection
EndGlobal
